{
  "nodes": {
    "flakeNimbleLib": {
      "inputs": {
        "nixpkgs": [
          "nixpkgs"
        ]
      },
      "locked": {
        "lastModified": 1662018438,
        "narHash": "sha256-QtNtU6+LX3Wokxf0zlFwKTFOcn6TeDjKQZ+DA9OYtvM=",
        "owner": "riinr",
        "repo": "nim-flakes-lib",
        "rev": "b1fe8340736e3a85d25c709ac3dfd82a55c03cbf",
        "type": "github"
      },
      "original": {
        "owner": "riinr",
        "ref": "master",
        "repo": "nim-flakes-lib",
        "type": "github"
      }
    },
    "nixpkgs": {
      "locked": {
        "lastModified": 1667110639,
        "narHash": "sha256-4FbPESZ5LbqQxkJJJBAfk/zKgF9h/4kyUwjjpJwYlbc=",
        "owner": "NixOS",
        "repo": "nixpkgs",
        "rev": "f38a1f04d1bec1feb61fd101a0539ae2002a7087",
        "type": "github"
      },
      "original": {
        "id": "nixpkgs",
        "type": "indirect"
      }
    },
    "root": {
      "inputs": {
        "flakeNimbleLib": "flakeNimbleLib",
        "nixpkgs": "nixpkgs",
        "rtree-master": "rtree-master"
      }
    },
    "rtree-master": {
      "inputs": {
        "flakeNimbleLib": [
          "flakeNimbleLib"
        ],
        "nixpkgs": [
          "nixpkgs"
        ],
        "src-rtree-master": "src-rtree-master"
      },
      "locked": {
        "dir": "master",
        "lastModified": 1662254795,
        "narHash": "sha256-OGYdqUe4FClNM86pq9nzHDy9UpKn5iQYTvUueDd8ARU=",
        "owner": "nim-nix-pkgs",
        "repo": "rtree",
        "rev": "f0d11e01922c809e24d1c17e6f80f1261bef394a",
        "type": "github"
      },
      "original": {
        "dir": "master",
        "owner": "nim-nix-pkgs",
        "ref": "master",
        "repo": "rtree",
        "type": "github"
      }
    },
    "src-rtree-master": {
      "flake": false,
      "locked": {
        "lastModified": 1617445526,
        "narHash": "sha256-7n5LTOKTETHd+NdFKyPpWrCY37xQ7nsUtmh4YXBHvQU=",
        "owner": "stefansalewski",
        "repo": "RTree",
        "rev": "2a6a80f5cbcbc0673bbf67628c1766baa838fc1d",
        "type": "github"
      },
      "original": {
        "owner": "stefansalewski",
        "ref": "refs/heads/master",
        "repo": "RTree",
        "type": "github"
      }
    }
  },
  "root": "root",
  "version": 7
}
